
Microsoft Visual Studio Solution File, Format Version 12.00
# Visual Studio 2013
VisualStudioVersion = 12.0.21005.1
MinimumVisualStudioVersion = 10.0.40219.1
Project("{2150E333-8FDC-42A3-9474-1A3956D46DE8}") = "Homework1Arays...", "Homework1Arays...", "{58C496ED-69C4-4858-902E-DCEAF41FF793}"
EndProject
Project("{FAE04EC0-301F-11D3-BF4B-00C04F79EFBC}") = "Problem1-2SortArrayOfNumbers", "Problem1SortArrayOfNumbers\Problem1-2SortArrayOfNumbers.csproj", "{1703D502-0DE1-4A75-AFE1-CA3BD2D9B1D7}"
EndProject
Project("{FAE04EC0-301F-11D3-BF4B-00C04F79EFBC}") = "Problem3CategorizeNumbersAndFind", "Problem3CategorizeNumbersAndFind\Problem3CategorizeNumbersAndFind.csproj", "{D1C6BCDD-0583-4A5D-BC40-2D3608930757}"
EndProject
Project("{FAE04EC0-301F-11D3-BF4B-00C04F79EFBC}") = "Problem4SequencesOfEqualStrings", "Problem4SequencesOfEqualStrings\Problem4SequencesOfEqualStrings.csproj", "{350AD785-49FE-41A9-AD1C-34D0A9E6E7C1}"
EndProject
Project("{FAE04EC0-301F-11D3-BF4B-00C04F79EFBC}") = "Problem5LongestIncreasingSequence", "Problem5LongestIncreasingSequence\Problem5LongestIncreasingSequence.csproj", "{EB5D6B46-D19A-4531-A1A6-480BDE555D2E}"
EndProject
Project("{FAE04EC0-301F-11D3-BF4B-00C04F79EFBC}") = "Problem6SubsetSums", "Problem6SubsetSums\Problem6SubsetSums.csproj", "{B14C5F6A-B779-4C56-8D88-A518091F2DE9}"
EndProject
Project("{2150E333-8FDC-42A3-9474-1A3956D46DE8}") = "HomeworkMethods", "HomeworkMethods", "{5D7150FC-D205-4654-A9E4-344991009BF7}"
EndProject
Project("{FAE04EC0-301F-11D3-BF4B-00C04F79EFBC}") = "Problem1BiggerNumber", "Problem1BiggerNumber\Problem1BiggerNumber.csproj", "{48152A72-EF85-425F-9888-E0C366638000}"
EndProject
Project("{FAE04EC0-301F-11D3-BF4B-00C04F79EFBC}") = "Problem2LastDigitOfNumber", "Problem2LastDigitOfNumber\Problem2LastDigitOfNumber.csproj", "{479B500B-A6B9-421D-A6C4-BDB8F8352F07}"
EndProject
Project("{FAE04EC0-301F-11D3-BF4B-00C04F79EFBC}") = "Problem34LargerThanNeighbours", "Problem3LargerThanNeighbours\Problem34LargerThanNeighbours.csproj", "{DF13050D-982D-4267-976F-EA685EEE78DD}"
EndProject
Project("{FAE04EC0-301F-11D3-BF4B-00C04F79EFBC}") = "Problem5ReverseNumber", "Problem5ReverseNumber\Problem5ReverseNumber.csproj", "{BDAC532F-25D0-4A52-B5E4-13DC4AD15E00}"
EndProject
Project("{FAE04EC0-301F-11D3-BF4B-00C04F79EFBC}") = "Problem6NumberCalculations", "Problem6NumberCalculations\Problem6NumberCalculations.csproj", "{76BA7A32-094C-4270-A6E5-2722EECD2EED}"
EndProject
Project("{2150E333-8FDC-42A3-9474-1A3956D46DE8}") = "HomeworkMultidimensionalArraysSetsDictionaries", "HomeworkMultidimensionalArraysSetsDictionaries", "{CF702A78-07DF-4E05-9E2D-49DDCE36D8A2}"
EndProject
Project("{FAE04EC0-301F-11D3-BF4B-00C04F79EFBC}") = "Problem1FillTheMatrix", "Problem1FillTheMatrix\Problem1FillTheMatrix.csproj", "{C5BA9DB8-3B5E-4999-AE8E-321F90D22498}"
EndProject
Project("{FAE04EC0-301F-11D3-BF4B-00C04F79EFBC}") = "Problem2MaximalSum", "Problem2MaximalSum\Problem2MaximalSum.csproj", "{725E823F-97C9-413A-B87D-594588A83EBE}"
EndProject
Project("{FAE04EC0-301F-11D3-BF4B-00C04F79EFBC}") = "Problem3MatrixShuffling", "Problem3MatrixShuffling\Problem3MatrixShuffling.csproj", "{33A1E8CE-D6C1-430F-948D-0B369B2F2543}"
EndProject
Project("{FAE04EC0-301F-11D3-BF4B-00C04F79EFBC}") = "Problem4SequenceInMatrix", "Problem4SequenceInMatrix\Problem4SequenceInMatrix.csproj", "{DD9C47AE-E68E-43E3-8097-3E3124C99763}"
EndProject
Global
	GlobalSection(SolutionConfigurationPlatforms) = preSolution
		Debug|Any CPU = Debug|Any CPU
		Release|Any CPU = Release|Any CPU
	EndGlobalSection
	GlobalSection(ProjectConfigurationPlatforms) = postSolution
		{1703D502-0DE1-4A75-AFE1-CA3BD2D9B1D7}.Debug|Any CPU.ActiveCfg = Debug|Any CPU
		{1703D502-0DE1-4A75-AFE1-CA3BD2D9B1D7}.Debug|Any CPU.Build.0 = Debug|Any CPU
		{1703D502-0DE1-4A75-AFE1-CA3BD2D9B1D7}.Release|Any CPU.ActiveCfg = Release|Any CPU
		{1703D502-0DE1-4A75-AFE1-CA3BD2D9B1D7}.Release|Any CPU.Build.0 = Release|Any CPU
		{D1C6BCDD-0583-4A5D-BC40-2D3608930757}.Debug|Any CPU.ActiveCfg = Debug|Any CPU
		{D1C6BCDD-0583-4A5D-BC40-2D3608930757}.Debug|Any CPU.Build.0 = Debug|Any CPU
		{D1C6BCDD-0583-4A5D-BC40-2D3608930757}.Release|Any CPU.ActiveCfg = Release|Any CPU
		{D1C6BCDD-0583-4A5D-BC40-2D3608930757}.Release|Any CPU.Build.0 = Release|Any CPU
		{350AD785-49FE-41A9-AD1C-34D0A9E6E7C1}.Debug|Any CPU.ActiveCfg = Debug|Any CPU
		{350AD785-49FE-41A9-AD1C-34D0A9E6E7C1}.Debug|Any CPU.Build.0 = Debug|Any CPU
		{350AD785-49FE-41A9-AD1C-34D0A9E6E7C1}.Release|Any CPU.ActiveCfg = Release|Any CPU
		{350AD785-49FE-41A9-AD1C-34D0A9E6E7C1}.Release|Any CPU.Build.0 = Release|Any CPU
		{EB5D6B46-D19A-4531-A1A6-480BDE555D2E}.Debug|Any CPU.ActiveCfg = Debug|Any CPU
		{EB5D6B46-D19A-4531-A1A6-480BDE555D2E}.Debug|Any CPU.Build.0 = Debug|Any CPU
		{EB5D6B46-D19A-4531-A1A6-480BDE555D2E}.Release|Any CPU.ActiveCfg = Release|Any CPU
		{EB5D6B46-D19A-4531-A1A6-480BDE555D2E}.Release|Any CPU.Build.0 = Release|Any CPU
		{B14C5F6A-B779-4C56-8D88-A518091F2DE9}.Debug|Any CPU.ActiveCfg = Debug|Any CPU
		{B14C5F6A-B779-4C56-8D88-A518091F2DE9}.Debug|Any CPU.Build.0 = Debug|Any CPU
		{B14C5F6A-B779-4C56-8D88-A518091F2DE9}.Release|Any CPU.ActiveCfg = Release|Any CPU
		{B14C5F6A-B779-4C56-8D88-A518091F2DE9}.Release|Any CPU.Build.0 = Release|Any CPU
		{48152A72-EF85-425F-9888-E0C366638000}.Debug|Any CPU.ActiveCfg = Debug|Any CPU
		{48152A72-EF85-425F-9888-E0C366638000}.Debug|Any CPU.Build.0 = Debug|Any CPU
		{48152A72-EF85-425F-9888-E0C366638000}.Release|Any CPU.ActiveCfg = Release|Any CPU
		{48152A72-EF85-425F-9888-E0C366638000}.Release|Any CPU.Build.0 = Release|Any CPU
		{479B500B-A6B9-421D-A6C4-BDB8F8352F07}.Debug|Any CPU.ActiveCfg = Debug|Any CPU
		{479B500B-A6B9-421D-A6C4-BDB8F8352F07}.Debug|Any CPU.Build.0 = Debug|Any CPU
		{479B500B-A6B9-421D-A6C4-BDB8F8352F07}.Release|Any CPU.ActiveCfg = Release|Any CPU
		{479B500B-A6B9-421D-A6C4-BDB8F8352F07}.Release|Any CPU.Build.0 = Release|Any CPU
		{DF13050D-982D-4267-976F-EA685EEE78DD}.Debug|Any CPU.ActiveCfg = Debug|Any CPU
		{DF13050D-982D-4267-976F-EA685EEE78DD}.Debug|Any CPU.Build.0 = Debug|Any CPU
		{DF13050D-982D-4267-976F-EA685EEE78DD}.Release|Any CPU.ActiveCfg = Release|Any CPU
		{DF13050D-982D-4267-976F-EA685EEE78DD}.Release|Any CPU.Build.0 = Release|Any CPU
		{BDAC532F-25D0-4A52-B5E4-13DC4AD15E00}.Debug|Any CPU.ActiveCfg = Debug|Any CPU
		{BDAC532F-25D0-4A52-B5E4-13DC4AD15E00}.Debug|Any CPU.Build.0 = Debug|Any CPU
		{BDAC532F-25D0-4A52-B5E4-13DC4AD15E00}.Release|Any CPU.ActiveCfg = Release|Any CPU
		{BDAC532F-25D0-4A52-B5E4-13DC4AD15E00}.Release|Any CPU.Build.0 = Release|Any CPU
		{76BA7A32-094C-4270-A6E5-2722EECD2EED}.Debug|Any CPU.ActiveCfg = Debug|Any CPU
		{76BA7A32-094C-4270-A6E5-2722EECD2EED}.Debug|Any CPU.Build.0 = Debug|Any CPU
		{76BA7A32-094C-4270-A6E5-2722EECD2EED}.Release|Any CPU.ActiveCfg = Release|Any CPU
		{76BA7A32-094C-4270-A6E5-2722EECD2EED}.Release|Any CPU.Build.0 = Release|Any CPU
		{C5BA9DB8-3B5E-4999-AE8E-321F90D22498}.Debug|Any CPU.ActiveCfg = Debug|Any CPU
		{C5BA9DB8-3B5E-4999-AE8E-321F90D22498}.Debug|Any CPU.Build.0 = Debug|Any CPU
		{C5BA9DB8-3B5E-4999-AE8E-321F90D22498}.Release|Any CPU.ActiveCfg = Release|Any CPU
		{C5BA9DB8-3B5E-4999-AE8E-321F90D22498}.Release|Any CPU.Build.0 = Release|Any CPU
		{725E823F-97C9-413A-B87D-594588A83EBE}.Debug|Any CPU.ActiveCfg = Debug|Any CPU
		{725E823F-97C9-413A-B87D-594588A83EBE}.Debug|Any CPU.Build.0 = Debug|Any CPU
		{725E823F-97C9-413A-B87D-594588A83EBE}.Release|Any CPU.ActiveCfg = Release|Any CPU
		{725E823F-97C9-413A-B87D-594588A83EBE}.Release|Any CPU.Build.0 = Release|Any CPU
		{33A1E8CE-D6C1-430F-948D-0B369B2F2543}.Debug|Any CPU.ActiveCfg = Debug|Any CPU
		{33A1E8CE-D6C1-430F-948D-0B369B2F2543}.Debug|Any CPU.Build.0 = Debug|Any CPU
		{33A1E8CE-D6C1-430F-948D-0B369B2F2543}.Release|Any CPU.ActiveCfg = Release|Any CPU
		{33A1E8CE-D6C1-430F-948D-0B369B2F2543}.Release|Any CPU.Build.0 = Release|Any CPU
		{DD9C47AE-E68E-43E3-8097-3E3124C99763}.Debug|Any CPU.ActiveCfg = Debug|Any CPU
		{DD9C47AE-E68E-43E3-8097-3E3124C99763}.Debug|Any CPU.Build.0 = Debug|Any CPU
		{DD9C47AE-E68E-43E3-8097-3E3124C99763}.Release|Any CPU.ActiveCfg = Release|Any CPU
		{DD9C47AE-E68E-43E3-8097-3E3124C99763}.Release|Any CPU.Build.0 = Release|Any CPU
	EndGlobalSection
	GlobalSection(SolutionProperties) = preSolution
		HideSolutionNode = FALSE
	EndGlobalSection
	GlobalSection(NestedProjects) = preSolution
		{1703D502-0DE1-4A75-AFE1-CA3BD2D9B1D7} = {58C496ED-69C4-4858-902E-DCEAF41FF793}
		{D1C6BCDD-0583-4A5D-BC40-2D3608930757} = {58C496ED-69C4-4858-902E-DCEAF41FF793}
		{350AD785-49FE-41A9-AD1C-34D0A9E6E7C1} = {58C496ED-69C4-4858-902E-DCEAF41FF793}
		{EB5D6B46-D19A-4531-A1A6-480BDE555D2E} = {58C496ED-69C4-4858-902E-DCEAF41FF793}
		{B14C5F6A-B779-4C56-8D88-A518091F2DE9} = {58C496ED-69C4-4858-902E-DCEAF41FF793}
		{48152A72-EF85-425F-9888-E0C366638000} = {5D7150FC-D205-4654-A9E4-344991009BF7}
		{479B500B-A6B9-421D-A6C4-BDB8F8352F07} = {5D7150FC-D205-4654-A9E4-344991009BF7}
		{DF13050D-982D-4267-976F-EA685EEE78DD} = {5D7150FC-D205-4654-A9E4-344991009BF7}
		{BDAC532F-25D0-4A52-B5E4-13DC4AD15E00} = {5D7150FC-D205-4654-A9E4-344991009BF7}
		{76BA7A32-094C-4270-A6E5-2722EECD2EED} = {5D7150FC-D205-4654-A9E4-344991009BF7}
		{C5BA9DB8-3B5E-4999-AE8E-321F90D22498} = {CF702A78-07DF-4E05-9E2D-49DDCE36D8A2}
		{725E823F-97C9-413A-B87D-594588A83EBE} = {CF702A78-07DF-4E05-9E2D-49DDCE36D8A2}
		{33A1E8CE-D6C1-430F-948D-0B369B2F2543} = {CF702A78-07DF-4E05-9E2D-49DDCE36D8A2}
		{DD9C47AE-E68E-43E3-8097-3E3124C99763} = {CF702A78-07DF-4E05-9E2D-49DDCE36D8A2}
	EndGlobalSection
EndGlobal
